
Microsoft Visual Studio Solution File, Format Version 12.00
# Visual Studio Version 17
VisualStudioVersion = 17.3.32922.545
MinimumVisualStudioVersion = 10.0.40219.1
Project("{FAE04EC0-301F-11D3-BF4B-00C04F79EFBC}") = "privateuseinClass", "privateuseinClass\privateuseinClass.csproj", "{BAE95A7E-C4E9-45A1-BAD7-033AEE6A2C48}"
EndProject
Global
	GlobalSection(SolutionConfigurationPlatforms) = preSolution
		Debug|Any CPU = Debug|Any CPU
		Release|Any CPU = Release|Any CPU
	EndGlobalSection
	GlobalSection(ProjectConfigurationPlatforms) = postSolution
		{BAE95A7E-C4E9-45A1-BAD7-033AEE6A2C48}.Debug|Any CPU.ActiveCfg = Debug|Any CPU
		{BAE95A7E-C4E9-45A1-BAD7-033AEE6A2C48}.Debug|Any CPU.Build.0 = Debug|Any CPU
		{BAE95A7E-C4E9-45A1-BAD7-033AEE6A2C48}.Release|Any CPU.ActiveCfg = Release|Any CPU
		{BAE95A7E-C4E9-45A1-BAD7-033AEE6A2C48}.Release|Any CPU.Build.0 = Release|Any CPU
	EndGlobalSection
	GlobalSection(SolutionProperties) = preSolution
		HideSolutionNode = FALSE
	EndGlobalSection
	GlobalSection(ExtensibilityGlobals) = postSolution
		SolutionGuid = {3B7B8E7B-FE72-448C-810E-3E8DC7C8D229}
	EndGlobalSection
EndGlobal
