
Microsoft Visual Studio Solution File, Format Version 12.00
# Visual Studio Version 17
VisualStudioVersion = 17.3.32922.545
MinimumVisualStudioVersion = 10.0.40219.1
Project("{FAE04EC0-301F-11D3-BF4B-00C04F79EFBC}") = "kalıtım1", "kalıtım1\kalıtım1.csproj", "{D23AA322-9655-47CC-AEB0-6563294E63AB}"
EndProject
Global
	GlobalSection(SolutionConfigurationPlatforms) = preSolution
		Debug|Any CPU = Debug|Any CPU
		Release|Any CPU = Release|Any CPU
	EndGlobalSection
	GlobalSection(ProjectConfigurationPlatforms) = postSolution
		{D23AA322-9655-47CC-AEB0-6563294E63AB}.Debug|Any CPU.ActiveCfg = Debug|Any CPU
		{D23AA322-9655-47CC-AEB0-6563294E63AB}.Debug|Any CPU.Build.0 = Debug|Any CPU
		{D23AA322-9655-47CC-AEB0-6563294E63AB}.Release|Any CPU.ActiveCfg = Release|Any CPU
		{D23AA322-9655-47CC-AEB0-6563294E63AB}.Release|Any CPU.Build.0 = Release|Any CPU
	EndGlobalSection
	GlobalSection(SolutionProperties) = preSolution
		HideSolutionNode = FALSE
	EndGlobalSection
	GlobalSection(ExtensibilityGlobals) = postSolution
		SolutionGuid = {33A1AF3D-9BFE-4C89-BFFC-419180307659}
	EndGlobalSection
EndGlobal
