
Microsoft Visual Studio Solution File, Format Version 12.00
# Visual Studio Version 17
VisualStudioVersion = 17.3.32922.545
MinimumVisualStudioVersion = 10.0.40219.1
Project("{FAE04EC0-301F-11D3-BF4B-00C04F79EFBC}") = "set-getFunction", "set-getFunction\set-getFunction.csproj", "{DD39556E-14C4-463A-B614-F979FEAC466E}"
EndProject
Global
	GlobalSection(SolutionConfigurationPlatforms) = preSolution
		Debug|Any CPU = Debug|Any CPU
		Release|Any CPU = Release|Any CPU
	EndGlobalSection
	GlobalSection(ProjectConfigurationPlatforms) = postSolution
		{DD39556E-14C4-463A-B614-F979FEAC466E}.Debug|Any CPU.ActiveCfg = Debug|Any CPU
		{DD39556E-14C4-463A-B614-F979FEAC466E}.Debug|Any CPU.Build.0 = Debug|Any CPU
		{DD39556E-14C4-463A-B614-F979FEAC466E}.Release|Any CPU.ActiveCfg = Release|Any CPU
		{DD39556E-14C4-463A-B614-F979FEAC466E}.Release|Any CPU.Build.0 = Release|Any CPU
	EndGlobalSection
	GlobalSection(SolutionProperties) = preSolution
		HideSolutionNode = FALSE
	EndGlobalSection
	GlobalSection(ExtensibilityGlobals) = postSolution
		SolutionGuid = {F3C2242C-4F86-4721-9BB2-383EE40E0258}
	EndGlobalSection
EndGlobal
